
Microsoft Visual Studio Solution File, Format Version 12.00
# Visual Studio Version 17
VisualStudioVersion = 17.2.32616.157
MinimumVisualStudioVersion = 10.0.40219.1
Project("{9A19103F-16F7-4668-BE54-9A1E7A4F7556}") = "RabbitMQ", "RabbitMQ\RabbitMQ.csproj", "{8939AB65-15D5-4D0A-ADD7-7CBA804A02E0}"
EndProject
Project("{9A19103F-16F7-4668-BE54-9A1E7A4F7556}") = "RabbitMQData", "RabbitMQData\RabbitMQData.csproj", "{87323A4D-CFC0-4B38-9F2C-E29CBF296967}"
EndProject
Project("{9A19103F-16F7-4668-BE54-9A1E7A4F7556}") = "RabbitMQConsumer", "RabbitMQConsumer\RabbitMQConsumer.csproj", "{DB9BDE56-3A0C-4AB6-A5E0-AAD701B19CD7}"
EndProject
Project("{9A19103F-16F7-4668-BE54-9A1E7A4F7556}") = "RabbitMQProducer", "RabbitMQProducer\RabbitMQProducer.csproj", "{2F0EDCC3-622D-467A-BD5E-2A6DA6AB8B3F}"
EndProject
Global
	GlobalSection(SolutionConfigurationPlatforms) = preSolution
		Debug|Any CPU = Debug|Any CPU
		Release|Any CPU = Release|Any CPU
	EndGlobalSection
	GlobalSection(ProjectConfigurationPlatforms) = postSolution
		{8939AB65-15D5-4D0A-ADD7-7CBA804A02E0}.Debug|Any CPU.ActiveCfg = Debug|Any CPU
		{8939AB65-15D5-4D0A-ADD7-7CBA804A02E0}.Debug|Any CPU.Build.0 = Debug|Any CPU
		{8939AB65-15D5-4D0A-ADD7-7CBA804A02E0}.Release|Any CPU.ActiveCfg = Release|Any CPU
		{8939AB65-15D5-4D0A-ADD7-7CBA804A02E0}.Release|Any CPU.Build.0 = Release|Any CPU
		{87323A4D-CFC0-4B38-9F2C-E29CBF296967}.Debug|Any CPU.ActiveCfg = Debug|Any CPU
		{87323A4D-CFC0-4B38-9F2C-E29CBF296967}.Debug|Any CPU.Build.0 = Debug|Any CPU
		{87323A4D-CFC0-4B38-9F2C-E29CBF296967}.Release|Any CPU.ActiveCfg = Release|Any CPU
		{87323A4D-CFC0-4B38-9F2C-E29CBF296967}.Release|Any CPU.Build.0 = Release|Any CPU
		{DB9BDE56-3A0C-4AB6-A5E0-AAD701B19CD7}.Debug|Any CPU.ActiveCfg = Debug|Any CPU
		{DB9BDE56-3A0C-4AB6-A5E0-AAD701B19CD7}.Debug|Any CPU.Build.0 = Debug|Any CPU
		{DB9BDE56-3A0C-4AB6-A5E0-AAD701B19CD7}.Release|Any CPU.ActiveCfg = Release|Any CPU
		{DB9BDE56-3A0C-4AB6-A5E0-AAD701B19CD7}.Release|Any CPU.Build.0 = Release|Any CPU
		{2F0EDCC3-622D-467A-BD5E-2A6DA6AB8B3F}.Debug|Any CPU.ActiveCfg = Debug|Any CPU
		{2F0EDCC3-622D-467A-BD5E-2A6DA6AB8B3F}.Debug|Any CPU.Build.0 = Debug|Any CPU
		{2F0EDCC3-622D-467A-BD5E-2A6DA6AB8B3F}.Release|Any CPU.ActiveCfg = Release|Any CPU
		{2F0EDCC3-622D-467A-BD5E-2A6DA6AB8B3F}.Release|Any CPU.Build.0 = Release|Any CPU
	EndGlobalSection
	GlobalSection(SolutionProperties) = preSolution
		HideSolutionNode = FALSE
	EndGlobalSection
	GlobalSection(ExtensibilityGlobals) = postSolution
		SolutionGuid = {F63537FE-210C-4BF7-B43B-0CE1DD0A524E}
	EndGlobalSection
EndGlobal
